
Microsoft Visual Studio Solution File, Format Version 12.00
# Visual Studio Version 16
VisualStudioVersion = 16.0.30611.23
MinimumVisualStudioVersion = 10.0.40219.1
Project("{FAE04EC0-301F-11D3-BF4B-00C04F79EFBC}") = "AvaloniaGpioTest", "AvaloniaGpioTest\AvaloniaGpioTest.csproj", "{5F12DDAB-3C9C-41BB-BF24-A5D90D26F039}"
EndProject
Global
	GlobalSection(SolutionConfigurationPlatforms) = preSolution
		Debug|Any CPU = Debug|Any CPU
		Release|Any CPU = Release|Any CPU
	EndGlobalSection
	GlobalSection(ProjectConfigurationPlatforms) = postSolution
		{5F12DDAB-3C9C-41BB-BF24-A5D90D26F039}.Debug|Any CPU.ActiveCfg = Debug|Any CPU
		{5F12DDAB-3C9C-41BB-BF24-A5D90D26F039}.Debug|Any CPU.Build.0 = Debug|Any CPU
		{5F12DDAB-3C9C-41BB-BF24-A5D90D26F039}.Release|Any CPU.ActiveCfg = Release|Any CPU
		{5F12DDAB-3C9C-41BB-BF24-A5D90D26F039}.Release|Any CPU.Build.0 = Release|Any CPU
	EndGlobalSection
	GlobalSection(SolutionProperties) = preSolution
		HideSolutionNode = FALSE
	EndGlobalSection
	GlobalSection(ExtensibilityGlobals) = postSolution
		SolutionGuid = {D24024FE-F9C7-4E95-8C4D-0B1D5F0C8F15}
	EndGlobalSection
EndGlobal
